
Microsoft Visual Studio Solution File, Format Version 12.00
# Visual Studio Version 16
VisualStudioVersion = 16.0.29911.84
MinimumVisualStudioVersion = 10.0.40219.1
Project("{9A19103F-16F7-4668-BE54-9A1E7A4F7556}") = "BackEnd", "BackEnd\BackEnd.csproj", "{65FB2BD9-C650-4879-83A7-EDBCCF896B46}"
EndProject
Project("{FAE04EC0-301F-11D3-BF4B-00C04F79EFBC}") = "ConferenceDTO", "ConferenceDTO\ConferenceDTO.csproj", "{09AAE895-D0BB-41F3-9648-C4F1AD6E6F8E}"
EndProject
Global
	GlobalSection(SolutionConfigurationPlatforms) = preSolution
		Debug|Any CPU = Debug|Any CPU
		Release|Any CPU = Release|Any CPU
	EndGlobalSection
	GlobalSection(ProjectConfigurationPlatforms) = postSolution
		{65FB2BD9-C650-4879-83A7-EDBCCF896B46}.Debug|Any CPU.ActiveCfg = Debug|Any CPU
		{65FB2BD9-C650-4879-83A7-EDBCCF896B46}.Debug|Any CPU.Build.0 = Debug|Any CPU
		{65FB2BD9-C650-4879-83A7-EDBCCF896B46}.Release|Any CPU.ActiveCfg = Release|Any CPU
		{65FB2BD9-C650-4879-83A7-EDBCCF896B46}.Release|Any CPU.Build.0 = Release|Any CPU
		{09AAE895-D0BB-41F3-9648-C4F1AD6E6F8E}.Debug|Any CPU.ActiveCfg = Debug|Any CPU
		{09AAE895-D0BB-41F3-9648-C4F1AD6E6F8E}.Debug|Any CPU.Build.0 = Debug|Any CPU
		{09AAE895-D0BB-41F3-9648-C4F1AD6E6F8E}.Release|Any CPU.ActiveCfg = Release|Any CPU
		{09AAE895-D0BB-41F3-9648-C4F1AD6E6F8E}.Release|Any CPU.Build.0 = Release|Any CPU
	EndGlobalSection
	GlobalSection(SolutionProperties) = preSolution
		HideSolutionNode = FALSE
	EndGlobalSection
	GlobalSection(ExtensibilityGlobals) = postSolution
		SolutionGuid = {A12C4429-3A17-4E3D-82B7-EB4F0BF6EEAF}
	EndGlobalSection
EndGlobal
